
Microsoft Visual Studio Solution File, Format Version 12.00
# Visual Studio Version 17
VisualStudioVersion = 17.14.36518.9 d17.14
MinimumVisualStudioVersion = 10.0.40219.1
Project("{FAE04EC0-301F-11D3-BF4B-00C04F79EFBC}") = "eBoto", "eBoto.csproj", "{8B97B6C5-9655-4BA0-9CA7-2C913986A79C}"
EndProject
Global
	GlobalSection(SolutionConfigurationPlatforms) = preSolution
		Debug|Any CPU = Debug|Any CPU
		Release|Any CPU = Release|Any CPU
	EndGlobalSection
	GlobalSection(ProjectConfigurationPlatforms) = postSolution
		{8B97B6C5-9655-4BA0-9CA7-2C913986A79C}.Debug|Any CPU.ActiveCfg = Debug|Any CPU
		{8B97B6C5-9655-4BA0-9CA7-2C913986A79C}.Debug|Any CPU.Build.0 = Debug|Any CPU
		{8B97B6C5-9655-4BA0-9CA7-2C913986A79C}.Release|Any CPU.ActiveCfg = Release|Any CPU
		{8B97B6C5-9655-4BA0-9CA7-2C913986A79C}.Release|Any CPU.Build.0 = Release|Any CPU
	EndGlobalSection
	GlobalSection(SolutionProperties) = preSolution
		HideSolutionNode = FALSE
	EndGlobalSection
	GlobalSection(ExtensibilityGlobals) = postSolution
		SolutionGuid = {F0C4FA33-E0DF-48DA-A336-F25CDEA3E65F}
	EndGlobalSection
EndGlobal
